
Microsoft Visual Studio Solution File, Format Version 12.00
Project("{FAE04EC0-301F-11D3-BF4B-00C04F79EFBC}") = "BucketConnector", "BucketConnector\BucketConnector.csproj", "{082BFEA4-1C0F-4C95-B85F-741EB08E7D69}"
EndProject
Global
	GlobalSection(SolutionConfigurationPlatforms) = preSolution
		Debug|Any CPU = Debug|Any CPU
		Release|Any CPU = Release|Any CPU
	EndGlobalSection
	GlobalSection(ProjectConfigurationPlatforms) = postSolution
		{082BFEA4-1C0F-4C95-B85F-741EB08E7D69}.Debug|Any CPU.ActiveCfg = Debug|Any CPU
		{082BFEA4-1C0F-4C95-B85F-741EB08E7D69}.Debug|Any CPU.Build.0 = Debug|Any CPU
		{082BFEA4-1C0F-4C95-B85F-741EB08E7D69}.Release|Any CPU.ActiveCfg = Release|Any CPU
		{082BFEA4-1C0F-4C95-B85F-741EB08E7D69}.Release|Any CPU.Build.0 = Release|Any CPU
	EndGlobalSection
EndGlobal
